
Microsoft Visual Studio Solution File, Format Version 12.00
# Visual Studio Version 16
VisualStudioVersion = 16.0.31624.102
MinimumVisualStudioVersion = 10.0.40219.1
Project("{FAE04EC0-301F-11D3-BF4B-00C04F79EFBC}") = "Labben", "Labben\Labben.csproj", "{056888D7-E328-46D5-8A56-251E33C7B173}"
EndProject
Global
	GlobalSection(SolutionConfigurationPlatforms) = preSolution
		Debug|Any CPU = Debug|Any CPU
		Release|Any CPU = Release|Any CPU
	EndGlobalSection
	GlobalSection(ProjectConfigurationPlatforms) = postSolution
		{056888D7-E328-46D5-8A56-251E33C7B173}.Debug|Any CPU.ActiveCfg = Debug|Any CPU
		{056888D7-E328-46D5-8A56-251E33C7B173}.Debug|Any CPU.Build.0 = Debug|Any CPU
		{056888D7-E328-46D5-8A56-251E33C7B173}.Release|Any CPU.ActiveCfg = Release|Any CPU
		{056888D7-E328-46D5-8A56-251E33C7B173}.Release|Any CPU.Build.0 = Release|Any CPU
	EndGlobalSection
	GlobalSection(SolutionProperties) = preSolution
		HideSolutionNode = FALSE
	EndGlobalSection
	GlobalSection(ExtensibilityGlobals) = postSolution
		SolutionGuid = {D55410E6-443F-4479-86CC-A1846CC40252}
	EndGlobalSection
EndGlobal
